# This file is autogenerated, do not edit; changes may be undone by the next 'dep ensure'.


[[projects]]
  digest = "1:76dc72490af7174349349838f2fe118996381b31ea83243812a97e5a0fd5ed55"
  name = "github.com/dgrijalva/jwt-go"
  packages = ["."]
  pruneopts = "UT"
  revision = "06ea1031745cb8b3dab3f6a236daf2b0aa468b7e"
  version = "v3.2.0"

[[projects]]
  digest = "1:ec6f9bf5e274c833c911923c9193867f3f18788c461f76f05f62bb1510e0ae65"
  name = "github.com/go-sql-driver/mysql"
  packages = ["."]
  pruneopts = "UT"
  revision = "72cd26f257d44c1114970e19afddcd812016007e"
  version = "v1.4.1"

[[projects]]
  digest = "1:c79fb010be38a59d657c48c6ba1d003a8aa651fa56b579d959d74573b7dff8e1"
  name = "github.com/gorilla/context"
  packages = ["."]
  pruneopts = "UT"
  revision = "08b5f424b9271eedf6f9f0ce86cb9396ed337a42"
  version = "v1.1.1"

[[projects]]
  digest = "1:e72d1ebb8d395cf9f346fd9cbc652e5ae222dd85e0ac842dc57f175abed6d195"
  name = "github.com/gorilla/securecookie"
  packages = ["."]
  pruneopts = "UT"
  revision = "e59506cc896acb7f7bf732d4fdf5e25f7ccd8983"
  version = "v1.1.1"

[[projects]]
  digest = "1:e5bf52fd66a2e984b57b4c0f2c4ee024ed749a19886246240629998dc0cf31ce"
  name = "github.com/gorilla/sessions"
  packages = ["."]
  pruneopts = "UT"
  revision = "f57b7e2d29c6211d16ffa52a0998272f75799030"
  version = "v1.1.3"

[[projects]]
  digest = "1:6c41d4f998a03b6604227ccad36edaed6126c397e5d78709ef4814a1145a6757"
  name = "github.com/jmoiron/sqlx"
  packages = [
    ".",
    "reflectx",
  ]
  pruneopts = "UT"
  revision = "d161d7a76b5661016ad0b085869f77fd410f3e6a"
  version = "v1.2.0"

[[projects]]
  digest = "1:efd601ad1d1189884f37ed075fadb5bbd17f1f5acf5862827247c6da56d125ba"
  name = "github.com/labstack/echo"
  packages = [
    ".",
    "middleware",
  ]
  pruneopts = "UT"
  revision = "38772c686c76b501f94bd6cd5b77f5842e93b559"
  version = "v3.3.10"

[[projects]]
  digest = "1:431646838dda93dfb384c1010fca1bb0353c1ee030910d926bb64b32f1ba253a"
  name = "github.com/labstack/echo-contrib"
  packages = ["session"]
  pruneopts = "UT"
  revision = "7d9d9632a4aadf9b026436e43d5f96eca2d895a6"
  version = "0.5.2"

[[projects]]
  digest = "1:764bce605f1c70823a567ac3205a03e6b7f375ca747d8820fded0b0abddda802"
  name = "github.com/labstack/gommon"
  packages = [
    "bytes",
    "color",
    "log",
    "random",
  ]
  pruneopts = "UT"
  revision = "7fd9f68ece0bcb1a905fac8f1549f0083f71c51b"
  version = "v0.2.8"

[[projects]]
  digest = "1:0f96ec4151a24d7bfd4298fc13cc320a000e31b4e5431cf88e3ffc961db846fd"
  name = "github.com/mattn/go-colorable"
  packages = ["."]
  pruneopts = "UT"
  revision = "efa589957cd060542a26d2dd7832fd6a6c6c3ade"
  version = "v0.1.0"

[[projects]]
  digest = "1:0981502f9816113c9c8c4ac301583841855c8cf4da8c72f696b3ebedf6d0e4e5"
  name = "github.com/mattn/go-isatty"
  packages = ["."]
  pruneopts = "UT"
  revision = "6ca4dbf54d38eea1a992b3c722a76a5d1c4cb25c"
  version = "v0.0.4"

[[projects]]
  branch = "master"
  digest = "1:0e619674d8b0093f87768441dc1a073df7c2f25d058c862813f5bc9528fb0d09"
  name = "github.com/srinathgs/mysqlstore"
  packages = ["."]
  pruneopts = "UT"
  revision = "4f803440ed5b694a6499ba6310dc14245910fc3e"

[[projects]]
  digest = "1:c468422f334a6b46a19448ad59aaffdfc0a36b08fdcc1c749a0b29b6453d7e59"
  name = "github.com/valyala/bytebufferpool"
  packages = ["."]
  pruneopts = "UT"
  revision = "e746df99fe4a3986f4d4f79e13c1e0117ce9c2f7"
  version = "v1.0.0"

[[projects]]
  branch = "master"
  digest = "1:268b8bce0064e8c057d7b913605459f9a26dcab864c0886a56d196540fbf003f"
  name = "github.com/valyala/fasttemplate"
  packages = ["."]
  pruneopts = "UT"
  revision = "dcecefd839c4193db0d35b88ec65b4c12d360ab0"

[[projects]]
  branch = "master"
  digest = "1:acdf5e5265ec3cd816f209664ed2945c47870fe7af45586d6e6be20e247e4291"
  name = "golang.org/x/crypto"
  packages = [
    "acme",
    "acme/autocert",
    "bcrypt",
    "blowfish",
  ]
  pruneopts = "UT"
  revision = "74369b46fc6756741c016591724fd1cb8e26845f"

[[projects]]
  branch = "master"
  digest = "1:8207c052fb873f83c61a5aa16f6add5feb9881eda2112b56f69fd3b9e7f55c3f"
  name = "golang.org/x/sys"
  packages = ["unix"]
  pruneopts = "UT"
  revision = "d0b11bdaac8adb652bff00e49bcacf992835621a"

[[projects]]
  digest = "1:c25289f43ac4a68d88b02245742347c94f1e108c534dda442188015ff80669b3"
  name = "google.golang.org/appengine"
  packages = ["cloudsql"]
  pruneopts = "UT"
  revision = "e9657d882bb81064595ca3b56cbe2546bbabf7b1"
  version = "v1.4.0"

[solve-meta]
  analyzer-name = "dep"
  analyzer-version = 1
  input-imports = [
    "github.com/go-sql-driver/mysql",
    "github.com/gorilla/sessions",
    "github.com/jmoiron/sqlx",
    "github.com/labstack/echo",
    "github.com/labstack/echo-contrib/session",
    "github.com/labstack/echo/middleware",
    "github.com/srinathgs/mysqlstore",
    "golang.org/x/crypto/bcrypt",
  ]
  solver-name = "gps-cdcl"
  solver-version = 1
